
Microsoft Visual Studio Solution File, Format Version 12.00
# Visual Studio Version 17
VisualStudioVersion = 17.13.35931.197 d17.13
MinimumVisualStudioVersion = 10.0.40219.1
Project("{FAE04EC0-301F-11D3-BF4B-00C04F79EFBC}") = "ConsoleExercise1", "ConsoleExercise1\ConsoleExercise1.csproj", "{68C988F0-5C25-412D-81FE-28A6C78EB0AB}"
EndProject
Global
	GlobalSection(SolutionConfigurationPlatforms) = preSolution
		Debug|Any CPU = Debug|Any CPU
		Release|Any CPU = Release|Any CPU
	EndGlobalSection
	GlobalSection(ProjectConfigurationPlatforms) = postSolution
		{68C988F0-5C25-412D-81FE-28A6C78EB0AB}.Debug|Any CPU.ActiveCfg = Debug|Any CPU
		{68C988F0-5C25-412D-81FE-28A6C78EB0AB}.Debug|Any CPU.Build.0 = Debug|Any CPU
		{68C988F0-5C25-412D-81FE-28A6C78EB0AB}.Release|Any CPU.ActiveCfg = Release|Any CPU
		{68C988F0-5C25-412D-81FE-28A6C78EB0AB}.Release|Any CPU.Build.0 = Release|Any CPU
	EndGlobalSection
	GlobalSection(SolutionProperties) = preSolution
		HideSolutionNode = FALSE
	EndGlobalSection
	GlobalSection(ExtensibilityGlobals) = postSolution
		SolutionGuid = {398598E9-C350-4699-A614-A0CC3B62F3C1}
	EndGlobalSection
EndGlobal
